
Microsoft Visual Studio Solution File, Format Version 12.00
# Visual Studio 15
VisualStudioVersion = 15.0.28307.757
MinimumVisualStudioVersion = 10.0.40219.1
Project("{FAE04EC0-301F-11D3-BF4B-00C04F79EFBC}") = "QBKartMVCApp", "QBKartMVCApp\QBKartMVCApp.csproj", "{C20105BC-0032-42AE-B56C-2CA33AE376BE}"
EndProject
Global
	GlobalSection(SolutionConfigurationPlatforms) = preSolution
		Debug|Any CPU = Debug|Any CPU
		Release|Any CPU = Release|Any CPU
	EndGlobalSection
	GlobalSection(ProjectConfigurationPlatforms) = postSolution
		{C20105BC-0032-42AE-B56C-2CA33AE376BE}.Debug|Any CPU.ActiveCfg = Debug|Any CPU
		{C20105BC-0032-42AE-B56C-2CA33AE376BE}.Debug|Any CPU.Build.0 = Debug|Any CPU
		{C20105BC-0032-42AE-B56C-2CA33AE376BE}.Release|Any CPU.ActiveCfg = Release|Any CPU
		{C20105BC-0032-42AE-B56C-2CA33AE376BE}.Release|Any CPU.Build.0 = Release|Any CPU
	EndGlobalSection
	GlobalSection(SolutionProperties) = preSolution
		HideSolutionNode = FALSE
	EndGlobalSection
	GlobalSection(ExtensibilityGlobals) = postSolution
		SolutionGuid = {A4A97C61-C261-4C73-94B3-45CE8DD1BCD0}
	EndGlobalSection
EndGlobal
