
Microsoft Visual Studio Solution File, Format Version 12.00
# Visual Studio 15
VisualStudioVersion = 15.0.28307.757
MinimumVisualStudioVersion = 10.0.40219.1
Project("{FAE04EC0-301F-11D3-BF4B-00C04F79EFBC}") = "MVCAssignment", "MVCAssignment\MVCAssignment.csproj", "{06AC2235-C887-4C9C-8583-938983B064A4}"
EndProject
Global
	GlobalSection(SolutionConfigurationPlatforms) = preSolution
		Debug|Any CPU = Debug|Any CPU
		Release|Any CPU = Release|Any CPU
	EndGlobalSection
	GlobalSection(ProjectConfigurationPlatforms) = postSolution
		{06AC2235-C887-4C9C-8583-938983B064A4}.Debug|Any CPU.ActiveCfg = Debug|Any CPU
		{06AC2235-C887-4C9C-8583-938983B064A4}.Debug|Any CPU.Build.0 = Debug|Any CPU
		{06AC2235-C887-4C9C-8583-938983B064A4}.Release|Any CPU.ActiveCfg = Release|Any CPU
		{06AC2235-C887-4C9C-8583-938983B064A4}.Release|Any CPU.Build.0 = Release|Any CPU
	EndGlobalSection
	GlobalSection(SolutionProperties) = preSolution
		HideSolutionNode = FALSE
	EndGlobalSection
	GlobalSection(ExtensibilityGlobals) = postSolution
		SolutionGuid = {97E4E0EE-0E0D-4DBD-9D51-109277A8D351}
	EndGlobalSection
EndGlobal
